// !$*UTF8*$!
{
	archiveVersion = 1;
	classes = {
	};
	objectVersion = 46;
	objects = {

/* Begin PBXBuildFile section */
		7E970C7618E4B44000517A1F /* Foundation.framework in Frameworks */ = {isa = PBXBuildFile; fileRef = 7E970C7518E4B44000517A1F /* Foundation.framework */; };
		7E970C7818E4B44000517A1F /* CoreGraphics.framework in Frameworks */ = {isa = PBXBuildFile; fileRef = 7E970C7718E4B44000517A1F /* CoreGraphics.framework */; };
		7E970C7A18E4B44000517A1F /* UIKit.framework in Frameworks */ = {isa = PBXBuildFile; fileRef = 7E970C7918E4B44000517A1F /* UIKit.framework */; };
		7E970C8018E4B44000517A1F /* InfoPlist.strings in Resources */ = {isa = PBXBuildFile; fileRef = 7E970C7E18E4B44000517A1F /* InfoPlist.strings */; };
		7E970C8218E4B44000517A1F /* main.m in Sources */ = {isa = PBXBuildFile; fileRef = 7E970C8118E4B44000517A1F /* main.m */; };
		7E970C8618E4B44000517A1F /* AppDelegate.m in Sources */ = {isa = PBXBuildFile; fileRef = 7E970C8518E4B44000517A1F /* AppDelegate.m */; };
		7E970C8818E4B44000517A1F /* Images.xcassets in Resources */ = {isa = PBXBuildFile; fileRef = 7E970C8718E4B44000517A1F /* Images.xcassets */; };
		7E970C8F18E4B44000517A1F /* XCTest.framework in Frameworks */ = {isa = PBXBuildFile; fileRef = 7E970C8E18E4B44000517A1F /* XCTest.framework */; };
		7E970C9018E4B44000517A1F /* Foundation.framework in Frameworks */ = {isa = PBXBuildFile; fileRef = 7E970C7518E4B44000517A1F /* Foundation.framework */; };
		7E970C9118E4B44000517A1F /* UIKit.framework in Frameworks */ = {isa = PBXBuildFile; fileRef = 7E970C7918E4B44000517A1F /* UIKit.framework */; };
		7E970C9918E4B44000517A1F /* InfoPlist.strings in Resources */ = {isa = PBXBuildFile; fileRef = 7E970C9718E4B44000517A1F /* InfoPlist.strings */; };
		7E970C9B18E4B44000517A1F /* TwitterHWTests.m in Sources */ = {isa = PBXBuildFile; fileRef = 7E970C9A18E4B44000517A1F /* TwitterHWTests.m */; };
		7E970CA718E4B4E500517A1F /* LoginViewController.m in Sources */ = {isa = PBXBuildFile; fileRef = 7E970CA518E4B4E500517A1F /* LoginViewController.m */; };
		7E970CA818E4B4E500517A1F /* LoginViewController.xib in Resources */ = {isa = PBXBuildFile; fileRef = 7E970CA618E4B4E500517A1F /* LoginViewController.xib */; };
		7E970CAB18E4D4E400517A1F /* TwitterClient.m in Sources */ = {isa = PBXBuildFile; fileRef = 7E970CAA18E4D4E400517A1F /* TwitterClient.m */; };
		7E970CC118E68FE100517A1F /* TimelineViewController.m in Sources */ = {isa = PBXBuildFile; fileRef = 7E970CBF18E68FE100517A1F /* TimelineViewController.m */; };
		7E970CC218E68FE100517A1F /* TimelineViewController.xib in Resources */ = {isa = PBXBuildFile; fileRef = 7E970CC018E68FE100517A1F /* TimelineViewController.xib */; };
		7E970CC618E6903B00517A1F /* TweetCell.m in Sources */ = {isa = PBXBuildFile; fileRef = 7E970CC418E6903B00517A1F /* TweetCell.m */; };
		7E970CC718E6903B00517A1F /* TweetCell.xib in Resources */ = {isa = PBXBuildFile; fileRef = 7E970CC518E6903B00517A1F /* TweetCell.xib */; };
		7E970CCA18E690F900517A1F /* Tweet.m in Sources */ = {isa = PBXBuildFile; fileRef = 7E970CC918E690F900517A1F /* Tweet.m */; };
		7E970CCD18E6B97300517A1F /* User.m in Sources */ = {isa = PBXBuildFile; fileRef = 7E970CCC18E6B97300517A1F /* User.m */; };
		7E970CD118E773BA00517A1F /* TweetDetailViewController.m in Sources */ = {isa = PBXBuildFile; fileRef = 7E970CCF18E773BA00517A1F /* TweetDetailViewController.m */; };
		7E970CD218E773BA00517A1F /* TweetDetailViewController.xib in Resources */ = {isa = PBXBuildFile; fileRef = 7E970CD018E773BA00517A1F /* TweetDetailViewController.xib */; };
		7E970CD618E7E26900517A1F /* ComposeTweetViewController.m in Sources */ = {isa = PBXBuildFile; fileRef = 7E970CD418E7E26900517A1F /* ComposeTweetViewController.m */; };
		7E970CD718E7E26900517A1F /* ComposeTweetViewController.xib in Resources */ = {isa = PBXBuildFile; fileRef = 7E970CD518E7E26900517A1F /* ComposeTweetViewController.xib */; };
		7E970CDD18E8DC7A00517A1F /* composing@2x.png in Resources */ = {isa = PBXBuildFile; fileRef = 7E970CDC18E8DC7A00517A1F /* composing@2x.png */; };
		7E970CDF18E8DCC200517A1F /* composing.png in Resources */ = {isa = PBXBuildFile; fileRef = 7E970CDE18E8DCC200517A1F /* composing.png */; };
		7E970CE218E8DEC200517A1F /* twitter_bird@2x.png in Resources */ = {isa = PBXBuildFile; fileRef = 7E970CE118E8DEC200517A1F /* twitter_bird@2x.png */; };
		7E970CE418E8F4CD00517A1F /* twitter_bird_white.png in Resources */ = {isa = PBXBuildFile; fileRef = 7E970CE318E8F4CD00517A1F /* twitter_bird_white.png */; };
		7E970CEC18E9199B00517A1F /* star.png in Resources */ = {isa = PBXBuildFile; fileRef = 7E970CEB18E9199B00517A1F /* star.png */; };
		7E970CEE18E919DF00517A1F /* repeat.png in Resources */ = {isa = PBXBuildFile; fileRef = 7E970CED18E919DF00517A1F /* repeat.png */; };
		7E970CF018E919EA00517A1F /* reply.png in Resources */ = {isa = PBXBuildFile; fileRef = 7E970CEF18E919EA00517A1F /* reply.png */; };
		7E970CF318E9447800517A1F /* UIImage+Masking.m in Sources */ = {isa = PBXBuildFile; fileRef = 7E970CF218E9447800517A1F /* UIImage+Masking.m */; };
		7E970CF918EF5BCD00517A1F /* HamburgerViewController.m in Sources */ = {isa = PBXBuildFile; fileRef = 7E970CF718EF5BCD00517A1F /* HamburgerViewController.m */; };
		7E970CFA18EF5BCD00517A1F /* HamburgerViewController.xib in Resources */ = {isa = PBXBuildFile; fileRef = 7E970CF818EF5BCD00517A1F /* HamburgerViewController.xib */; };
		7E970D0218EFB16200517A1F /* menu@2x.png in Resources */ = {isa = PBXBuildFile; fileRef = 7E970D0118EFB16200517A1F /* menu@2x.png */; };
		7E970D0818EFE26600517A1F /* ProfileViewController.m in Sources */ = {isa = PBXBuildFile; fileRef = 7E970D0618EFE26600517A1F /* ProfileViewController.m */; };
		7E970D0918EFE26600517A1F /* ProfileViewController.xib in Resources */ = {isa = PBXBuildFile; fileRef = 7E970D0718EFE26600517A1F /* ProfileViewController.xib */; };
		8E776D6C893147AF8E6CCCB7 /* libPods.a in Frameworks */ = {isa = PBXBuildFile; fileRef = C2133956B9FB4DB595C75A58 /* libPods.a */; };
/* End PBXBuildFile section */

/* Begin PBXContainerItemProxy section */
		7E970C9218E4B44000517A1F /* PBXContainerItemProxy */ = {
			isa = PBXContainerItemProxy;
			containerPortal = 7E970C6A18E4B44000517A1F /* Project object */;
			proxyType = 1;
			remoteGlobalIDString = 7E970C7118E4B44000517A1F;
			remoteInfo = TwitterHW;
		};
/* End PBXContainerItemProxy section */

/* Begin PBXFileReference section */
		69D24DE8ACE44193ABEC48A8 /* Pods.xcconfig */ = {isa = PBXFileReference; includeInIndex = 1; lastKnownFileType = text.xcconfig; name = Pods.xcconfig; path = Pods/Pods.xcconfig; sourceTree = "<group>"; };
		7E970C7218E4B44000517A1F /* TwitterHW.app */ = {isa = PBXFileReference; explicitFileType = wrapper.application; includeInIndex = 0; path = TwitterHW.app; sourceTree = BUILT_PRODUCTS_DIR; };
		7E970C7518E4B44000517A1F /* Foundation.framework */ = {isa = PBXFileReference; lastKnownFileType = wrapper.framework; name = Foundation.framework; path = System/Library/Frameworks/Foundation.framework; sourceTree = SDKROOT; };
		7E970C7718E4B44000517A1F /* CoreGraphics.framework */ = {isa = PBXFileReference; lastKnownFileType = wrapper.framework; name = CoreGraphics.framework; path = System/Library/Frameworks/CoreGraphics.framework; sourceTree = SDKROOT; };
		7E970C7918E4B44000517A1F /* UIKit.framework */ = {isa = PBXFileReference; lastKnownFileType = wrapper.framework; name = UIKit.framework; path = System/Library/Frameworks/UIKit.framework; sourceTree = SDKROOT; };
		7E970C7D18E4B44000517A1F /* TwitterHW-Info.plist */ = {isa = PBXFileReference; lastKnownFileType = text.plist.xml; path = "TwitterHW-Info.plist"; sourceTree = "<group>"; };
		7E970C7F18E4B44000517A1F /* en */ = {isa = PBXFileReference; lastKnownFileType = text.plist.strings; name = en; path = en.lproj/InfoPlist.strings; sourceTree = "<group>"; };
		7E970C8118E4B44000517A1F /* main.m */ = {isa = PBXFileReference; lastKnownFileType = sourcecode.c.objc; path = main.m; sourceTree = "<group>"; };
		7E970C8318E4B44000517A1F /* TwitterHW-Prefix.pch */ = {isa = PBXFileReference; lastKnownFileType = sourcecode.c.h; path = "TwitterHW-Prefix.pch"; sourceTree = "<group>"; };
		7E970C8418E4B44000517A1F /* AppDelegate.h */ = {isa = PBXFileReference; lastKnownFileType = sourcecode.c.h; path = AppDelegate.h; sourceTree = "<group>"; };
		7E970C8518E4B44000517A1F /* AppDelegate.m */ = {isa = PBXFileReference; lastKnownFileType = sourcecode.c.objc; path = AppDelegate.m; sourceTree = "<group>"; };
		7E970C8718E4B44000517A1F /* Images.xcassets */ = {isa = PBXFileReference; lastKnownFileType = folder.assetcatalog; path = Images.xcassets; sourceTree = "<group>"; };
		7E970C8D18E4B44000517A1F /* TwitterHWTests.xctest */ = {isa = PBXFileReference; explicitFileType = wrapper.cfbundle; includeInIndex = 0; path = TwitterHWTests.xctest; sourceTree = BUILT_PRODUCTS_DIR; };
		7E970C8E18E4B44000517A1F /* XCTest.framework */ = {isa = PBXFileReference; lastKnownFileType = wrapper.framework; name = XCTest.framework; path = Library/Frameworks/XCTest.framework; sourceTree = DEVELOPER_DIR; };
		7E970C9618E4B44000517A1F /* TwitterHWTests-Info.plist */ = {isa = PBXFileReference; lastKnownFileType = text.plist.xml; path = "TwitterHWTests-Info.plist"; sourceTree = "<group>"; };
		7E970C9818E4B44000517A1F /* en */ = {isa = PBXFileReference; lastKnownFileType = text.plist.strings; name = en; path = en.lproj/InfoPlist.strings; sourceTree = "<group>"; };
		7E970C9A18E4B44000517A1F /* TwitterHWTests.m */ = {isa = PBXFileReference; lastKnownFileType = sourcecode.c.objc; path = TwitterHWTests.m; sourceTree = "<group>"; };
		7E970CA418E4B4E500517A1F /* LoginViewController.h */ = {isa = PBXFileReference; fileEncoding = 4; lastKnownFileType = sourcecode.c.h; path = LoginViewController.h; sourceTree = "<group>"; };
		7E970CA518E4B4E500517A1F /* LoginViewController.m */ = {isa = PBXFileReference; fileEncoding = 4; lastKnownFileType = sourcecode.c.objc; path = LoginViewController.m; sourceTree = "<group>"; };
		7E970CA618E4B4E500517A1F /* LoginViewController.xib */ = {isa = PBXFileReference; fileEncoding = 4; lastKnownFileType = file.xib; path = LoginViewController.xib; sourceTree = "<group>"; };
		7E970CA918E4D4E400517A1F /* TwitterClient.h */ = {isa = PBXFileReference; fileEncoding = 4; lastKnownFileType = sourcecode.c.h; path = TwitterClient.h; sourceTree = "<group>"; };
		7E970CAA18E4D4E400517A1F /* TwitterClient.m */ = {isa = PBXFileReference; fileEncoding = 4; lastKnownFileType = sourcecode.c.objc; path = TwitterClient.m; sourceTree = "<group>"; };
		7E970CBE18E68FE100517A1F /* TimelineViewController.h */ = {isa = PBXFileReference; fileEncoding = 4; lastKnownFileType = sourcecode.c.h; path = TimelineViewController.h; sourceTree = "<group>"; };
		7E970CBF18E68FE100517A1F /* TimelineViewController.m */ = {isa = PBXFileReference; fileEncoding = 4; lastKnownFileType = sourcecode.c.objc; path = TimelineViewController.m; sourceTree = "<group>"; };
		7E970CC018E68FE100517A1F /* TimelineViewController.xib */ = {isa = PBXFileReference; fileEncoding = 4; lastKnownFileType = file.xib; path = TimelineViewController.xib; sourceTree = "<group>"; };
		7E970CC318E6903B00517A1F /* TweetCell.h */ = {isa = PBXFileReference; fileEncoding = 4; lastKnownFileType = sourcecode.c.h; path = TweetCell.h; sourceTree = "<group>"; };
		7E970CC418E6903B00517A1F /* TweetCell.m */ = {isa = PBXFileReference; fileEncoding = 4; lastKnownFileType = sourcecode.c.objc; path = TweetCell.m; sourceTree = "<group>"; };
		7E970CC518E6903B00517A1F /* TweetCell.xib */ = {isa = PBXFileReference; fileEncoding = 4; lastKnownFileType = file.xib; path = TweetCell.xib; sourceTree = "<group>"; };
		7E970CC818E690F900517A1F /* Tweet.h */ = {isa = PBXFileReference; fileEncoding = 4; lastKnownFileType = sourcecode.c.h; path = Tweet.h; sourceTree = "<group>"; };
		7E970CC918E690F900517A1F /* Tweet.m */ = {isa = PBXFileReference; fileEncoding = 4; lastKnownFileType = sourcecode.c.objc; path = Tweet.m; sourceTree = "<group>"; };
		7E970CCB18E6B97300517A1F /* User.h */ = {isa = PBXFileReference; fileEncoding = 4; lastKnownFileType = sourcecode.c.h; path = User.h; sourceTree = "<group>"; };
		7E970CCC18E6B97300517A1F /* User.m */ = {isa = PBXFileReference; fileEncoding = 4; lastKnownFileType = sourcecode.c.objc; path = User.m; sourceTree = "<group>"; };
		7E970CCE18E773BA00517A1F /* TweetDetailViewController.h */ = {isa = PBXFileReference; fileEncoding = 4; lastKnownFileType = sourcecode.c.h; path = TweetDetailViewController.h; sourceTree = "<group>"; };
		7E970CCF18E773BA00517A1F /* TweetDetailViewController.m */ = {isa = PBXFileReference; fileEncoding = 4; lastKnownFileType = sourcecode.c.objc; path = TweetDetailViewController.m; sourceTree = "<group>"; };
		7E970CD018E773BA00517A1F /* TweetDetailViewController.xib */ = {isa = PBXFileReference; fileEncoding = 4; lastKnownFileType = file.xib; path = TweetDetailViewController.xib; sourceTree = "<group>"; };
		7E970CD318E7E26900517A1F /* ComposeTweetViewController.h */ = {isa = PBXFileReference; fileEncoding = 4; lastKnownFileType = sourcecode.c.h; path = ComposeTweetViewController.h; sourceTree = "<group>"; };
		7E970CD418E7E26900517A1F /* ComposeTweetViewController.m */ = {isa = PBXFileReference; fileEncoding = 4; lastKnownFileType = sourcecode.c.objc; path = ComposeTweetViewController.m; sourceTree = "<group>"; };
		7E970CD518E7E26900517A1F /* ComposeTweetViewController.xib */ = {isa = PBXFileReference; fileEncoding = 4; lastKnownFileType = file.xib; path = ComposeTweetViewController.xib; sourceTree = "<group>"; };
		7E970CDC18E8DC7A00517A1F /* composing@2x.png */ = {isa = PBXFileReference; lastKnownFileType = image.png; path = "composing@2x.png"; sourceTree = "<group>"; };
		7E970CDE18E8DCC200517A1F /* composing.png */ = {isa = PBXFileReference; lastKnownFileType = image.png; path = composing.png; sourceTree = "<group>"; };
		7E970CE118E8DEC200517A1F /* twitter_bird@2x.png */ = {isa = PBXFileReference; lastKnownFileType = image.png; path = "twitter_bird@2x.png"; sourceTree = "<group>"; };
		7E970CE318E8F4CD00517A1F /* twitter_bird_white.png */ = {isa = PBXFileReference; lastKnownFileType = image.png; path = twitter_bird_white.png; sourceTree = "<group>"; };
		7E970CEB18E9199B00517A1F /* star.png */ = {isa = PBXFileReference; lastKnownFileType = image.png; path = star.png; sourceTree = "<group>"; };
		7E970CED18E919DF00517A1F /* repeat.png */ = {isa = PBXFileReference; lastKnownFileType = image.png; path = repeat.png; sourceTree = "<group>"; };
		7E970CEF18E919EA00517A1F /* reply.png */ = {isa = PBXFileReference; lastKnownFileType = image.png; path = reply.png; sourceTree = "<group>"; };
		7E970CF118E9447800517A1F /* UIImage+Masking.h */ = {isa = PBXFileReference; fileEncoding = 4; lastKnownFileType = sourcecode.c.h; path = "UIImage+Masking.h"; sourceTree = "<group>"; };
		7E970CF218E9447800517A1F /* UIImage+Masking.m */ = {isa = PBXFileReference; fileEncoding = 4; lastKnownFileType = sourcecode.c.objc; path = "UIImage+Masking.m"; sourceTree = "<group>"; };
		7E970CF618EF5BCD00517A1F /* HamburgerViewController.h */ = {isa = PBXFileReference; fileEncoding = 4; lastKnownFileType = sourcecode.c.h; path = HamburgerViewController.h; sourceTree = "<group>"; };
		7E970CF718EF5BCD00517A1F /* HamburgerViewController.m */ = {isa = PBXFileReference; fileEncoding = 4; lastKnownFileType = sourcecode.c.objc; path = HamburgerViewController.m; sourceTree = "<group>"; };
		7E970CF818EF5BCD00517A1F /* HamburgerViewController.xib */ = {isa = PBXFileReference; fileEncoding = 4; lastKnownFileType = file.xib; path = HamburgerViewController.xib; sourceTree = "<group>"; };
		7E970D0118EFB16200517A1F /* menu@2x.png */ = {isa = PBXFileReference; lastKnownFileType = image.png; path = "menu@2x.png"; sourceTree = "<group>"; };
		7E970D0518EFE26600517A1F /* ProfileViewController.h */ = {isa = PBXFileReference; fileEncoding = 4; lastKnownFileType = sourcecode.c.h; path = ProfileViewController.h; sourceTree = "<group>"; };
		7E970D0618EFE26600517A1F /* ProfileViewController.m */ = {isa = PBXFileReference; fileEncoding = 4; lastKnownFileType = sourcecode.c.objc; path = ProfileViewController.m; sourceTree = "<group>"; };
		7E970D0718EFE26600517A1F /* ProfileViewController.xib */ = {isa = PBXFileReference; fileEncoding = 4; lastKnownFileType = file.xib; path = ProfileViewController.xib; sourceTree = "<group>"; };
		C2133956B9FB4DB595C75A58 /* libPods.a */ = {isa = PBXFileReference; explicitFileType = archive.ar; includeInIndex = 0; path = libPods.a; sourceTree = BUILT_PRODUCTS_DIR; };
/* End PBXFileReference section */

/* Begin PBXFrameworksBuildPhase section */
		7E970C6F18E4B44000517A1F /* Frameworks */ = {
			isa = PBXFrameworksBuildPhase;
			buildActionMask = 2147483647;
			files = (
				7E970C7818E4B44000517A1F /* CoreGraphics.framework in Frameworks */,
				7E970C7A18E4B44000517A1F /* UIKit.framework in Frameworks */,
				7E970C7618E4B44000517A1F /* Foundation.framework in Frameworks */,
				8E776D6C893147AF8E6CCCB7 /* libPods.a in Frameworks */,
			);
			runOnlyForDeploymentPostprocessing = 0;
		};
		7E970C8A18E4B44000517A1F /* Frameworks */ = {
			isa = PBXFrameworksBuildPhase;
			buildActionMask = 2147483647;
			files = (
				7E970C8F18E4B44000517A1F /* XCTest.framework in Frameworks */,
				7E970C9118E4B44000517A1F /* UIKit.framework in Frameworks */,
				7E970C9018E4B44000517A1F /* Foundation.framework in Frameworks */,
			);
			runOnlyForDeploymentPostprocessing = 0;
		};
/* End PBXFrameworksBuildPhase section */

/* Begin PBXGroup section */
		7E970C6918E4B44000517A1F = {
			isa = PBXGroup;
			children = (
				7E970C7B18E4B44000517A1F /* TwitterHW */,
				7E970C9418E4B44000517A1F /* TwitterHWTests */,
				7E970C7418E4B44000517A1F /* Frameworks */,
				7E970C7318E4B44000517A1F /* Products */,
				69D24DE8ACE44193ABEC48A8 /* Pods.xcconfig */,
			);
			sourceTree = "<group>";
		};
		7E970C7318E4B44000517A1F /* Products */ = {
			isa = PBXGroup;
			children = (
				7E970C7218E4B44000517A1F /* TwitterHW.app */,
				7E970C8D18E4B44000517A1F /* TwitterHWTests.xctest */,
			);
			name = Products;
			sourceTree = "<group>";
		};
		7E970C7418E4B44000517A1F /* Frameworks */ = {
			isa = PBXGroup;
			children = (
				7E970C7518E4B44000517A1F /* Foundation.framework */,
				7E970C7718E4B44000517A1F /* CoreGraphics.framework */,
				7E970C7918E4B44000517A1F /* UIKit.framework */,
				7E970C8E18E4B44000517A1F /* XCTest.framework */,
				C2133956B9FB4DB595C75A58 /* libPods.a */,
			);
			name = Frameworks;
			sourceTree = "<group>";
		};
		7E970C7B18E4B44000517A1F /* TwitterHW */ = {
			isa = PBXGroup;
			children = (
				7E970CE018E8DDCB00517A1F /* Images */,
				7E970C8418E4B44000517A1F /* AppDelegate.h */,
				7E970C8518E4B44000517A1F /* AppDelegate.m */,
				7E970C8718E4B44000517A1F /* Images.xcassets */,
				7E970C7C18E4B44000517A1F /* Supporting Files */,
				7E970CA418E4B4E500517A1F /* LoginViewController.h */,
				7E970CA518E4B4E500517A1F /* LoginViewController.m */,
				7E970CA618E4B4E500517A1F /* LoginViewController.xib */,
				7E970CA918E4D4E400517A1F /* TwitterClient.h */,
				7E970CAA18E4D4E400517A1F /* TwitterClient.m */,
				7E970CBE18E68FE100517A1F /* TimelineViewController.h */,
				7E970CBF18E68FE100517A1F /* TimelineViewController.m */,
				7E970CC018E68FE100517A1F /* TimelineViewController.xib */,
				7E970CC318E6903B00517A1F /* TweetCell.h */,
				7E970CC418E6903B00517A1F /* TweetCell.m */,
				7E970CC518E6903B00517A1F /* TweetCell.xib */,
				7E970CC818E690F900517A1F /* Tweet.h */,
				7E970CC918E690F900517A1F /* Tweet.m */,
				7E970CCB18E6B97300517A1F /* User.h */,
				7E970CCC18E6B97300517A1F /* User.m */,
				7E970CCE18E773BA00517A1F /* TweetDetailViewController.h */,
				7E970CCF18E773BA00517A1F /* TweetDetailViewController.m */,
				7E970CD018E773BA00517A1F /* TweetDetailViewController.xib */,
				7E970CD318E7E26900517A1F /* ComposeTweetViewController.h */,
				7E970CD418E7E26900517A1F /* ComposeTweetViewController.m */,
				7E970CD518E7E26900517A1F /* ComposeTweetViewController.xib */,
				7E970CF118E9447800517A1F /* UIImage+Masking.h */,
				7E970CF218E9447800517A1F /* UIImage+Masking.m */,
				7E970CF618EF5BCD00517A1F /* HamburgerViewController.h */,
				7E970CF718EF5BCD00517A1F /* HamburgerViewController.m */,
				7E970CF818EF5BCD00517A1F /* HamburgerViewController.xib */,
				7E970D0518EFE26600517A1F /* ProfileViewController.h */,
				7E970D0618EFE26600517A1F /* ProfileViewController.m */,
				7E970D0718EFE26600517A1F /* ProfileViewController.xib */,
			);
			path = TwitterHW;
			sourceTree = "<group>";
		};
		7E970C7C18E4B44000517A1F /* Supporting Files */ = {
			isa = PBXGroup;
			children = (
				7E970C7D18E4B44000517A1F /* TwitterHW-Info.plist */,
				7E970C7E18E4B44000517A1F /* InfoPlist.strings */,
				7E970C8118E4B44000517A1F /* main.m */,
				7E970C8318E4B44000517A1F /* TwitterHW-Prefix.pch */,
			);
			name = "Supporting Files";
			sourceTree = "<group>";
		};
		7E970C9418E4B44000517A1F /* TwitterHWTests */ = {
			isa = PBXGroup;
			children = (
				7E970C9A18E4B44000517A1F /* TwitterHWTests.m */,
				7E970C9518E4B44000517A1F /* Supporting Files */,
			);
			path = TwitterHWTests;
			sourceTree = "<group>";
		};
		7E970C9518E4B44000517A1F /* Supporting Files */ = {
			isa = PBXGroup;
			children = (
				7E970C9618E4B44000517A1F /* TwitterHWTests-Info.plist */,
				7E970C9718E4B44000517A1F /* InfoPlist.strings */,
			);
			name = "Supporting Files";
			sourceTree = "<group>";
		};
		7E970CE018E8DDCB00517A1F /* Images */ = {
			isa = PBXGroup;
			children = (
				7E970D0118EFB16200517A1F /* menu@2x.png */,
				7E970CEB18E9199B00517A1F /* star.png */,
				7E970CED18E919DF00517A1F /* repeat.png */,
				7E970CEF18E919EA00517A1F /* reply.png */,
				7E970CE318E8F4CD00517A1F /* twitter_bird_white.png */,
				7E970CE118E8DEC200517A1F /* twitter_bird@2x.png */,
				7E970CDE18E8DCC200517A1F /* composing.png */,
				7E970CDC18E8DC7A00517A1F /* composing@2x.png */,
			);
			name = Images;
			sourceTree = "<group>";
		};
/* End PBXGroup section */

/* Begin PBXNativeTarget section */
		7E970C7118E4B44000517A1F /* TwitterHW */ = {
			isa = PBXNativeTarget;
			buildConfigurationList = 7E970C9E18E4B44000517A1F /* Build configuration list for PBXNativeTarget "TwitterHW" */;
			buildPhases = (
				37D701B33C4E47B8AF2AA195 /* Check Pods Manifest.lock */,
				7E970C6E18E4B44000517A1F /* Sources */,
				7E970C6F18E4B44000517A1F /* Frameworks */,
				7E970C7018E4B44000517A1F /* Resources */,
				2129DA17F2304A4EB9D9370D /* Copy Pods Resources */,
			);
			buildRules = (
			);
			dependencies = (
			);
			name = TwitterHW;
			productName = TwitterHW;
			productReference = 7E970C7218E4B44000517A1F /* TwitterHW.app */;
			productType = "com.apple.product-type.application";
		};
		7E970C8C18E4B44000517A1F /* TwitterHWTests */ = {
			isa = PBXNativeTarget;
			buildConfigurationList = 7E970CA118E4B44000517A1F /* Build configuration list for PBXNativeTarget "TwitterHWTests" */;
			buildPhases = (
				7E970C8918E4B44000517A1F /* Sources */,
				7E970C8A18E4B44000517A1F /* Frameworks */,
				7E970C8B18E4B44000517A1F /* Resources */,
			);
			buildRules = (
			);
			dependencies = (
				7E970C9318E4B44000517A1F /* PBXTargetDependency */,
			);
			name = TwitterHWTests;
			productName = TwitterHWTests;
			productReference = 7E970C8D18E4B44000517A1F /* TwitterHWTests.xctest */;
			productType = "com.apple.product-type.bundle.unit-test";
		};
/* End PBXNativeTarget section */

/* Begin PBXProject section */
		7E970C6A18E4B44000517A1F /* Project object */ = {
			isa = PBXProject;
			attributes = {
				LastUpgradeCheck = 0510;
				ORGANIZATIONNAME = "Nathan Speller";
				TargetAttributes = {
					7E970C8C18E4B44000517A1F = {
						TestTargetID = 7E970C7118E4B44000517A1F;
					};
				};
			};
			buildConfigurationList = 7E970C6D18E4B44000517A1F /* Build configuration list for PBXProject "TwitterHW" */;
			compatibilityVersion = "Xcode 3.2";
			developmentRegion = English;
			hasScannedForEncodings = 0;
			knownRegions = (
				en,
			);
			mainGroup = 7E970C6918E4B44000517A1F;
			productRefGroup = 7E970C7318E4B44000517A1F /* Products */;
			projectDirPath = "";
			projectRoot = "";
			targets = (
				7E970C7118E4B44000517A1F /* TwitterHW */,
				7E970C8C18E4B44000517A1F /* TwitterHWTests */,
			);
		};
/* End PBXProject section */

/* Begin PBXResourcesBuildPhase section */
		7E970C7018E4B44000517A1F /* Resources */ = {
			isa = PBXResourcesBuildPhase;
			buildActionMask = 2147483647;
			files = (
				7E970CEE18E919DF00517A1F /* repeat.png in Resources */,
				7E970D0218EFB16200517A1F /* menu@2x.png in Resources */,
				7E970C8018E4B44000517A1F /* InfoPlist.strings in Resources */,
				7E970CD218E773BA00517A1F /* TweetDetailViewController.xib in Resources */,
				7E970CE218E8DEC200517A1F /* twitter_bird@2x.png in Resources */,
				7E970CDF18E8DCC200517A1F /* composing.png in Resources */,
				7E970CE418E8F4CD00517A1F /* twitter_bird_white.png in Resources */,
				7E970CC718E6903B00517A1F /* TweetCell.xib in Resources */,
				7E970CC218E68FE100517A1F /* TimelineViewController.xib in Resources */,
				7E970CD718E7E26900517A1F /* ComposeTweetViewController.xib in Resources */,
				7E970C8818E4B44000517A1F /* Images.xcassets in Resources */,
				7E970CA818E4B4E500517A1F /* LoginViewController.xib in Resources */,
				7E970CDD18E8DC7A00517A1F /* composing@2x.png in Resources */,
				7E970CF018E919EA00517A1F /* reply.png in Resources */,
				7E970CFA18EF5BCD00517A1F /* HamburgerViewController.xib in Resources */,
				7E970D0918EFE26600517A1F /* ProfileViewController.xib in Resources */,
				7E970CEC18E9199B00517A1F /* star.png in Resources */,
			);
			runOnlyForDeploymentPostprocessing = 0;
		};
		7E970C8B18E4B44000517A1F /* Resources */ = {
			isa = PBXResourcesBuildPhase;
			buildActionMask = 2147483647;
			files = (
				7E970C9918E4B44000517A1F /* InfoPlist.strings in Resources */,
			);
			runOnlyForDeploymentPostprocessing = 0;
		};
/* End PBXResourcesBuildPhase section */

/* Begin PBXShellScriptBuildPhase section */
		2129DA17F2304A4EB9D9370D /* Copy Pods Resources */ = {
			isa = PBXShellScriptBuildPhase;
			buildActionMask = 2147483647;
			files = (
			);
			inputPaths = (
			);
			name = "Copy Pods Resources";
			outputPaths = (
			);
			runOnlyForDeploymentPostprocessing = 0;
			shellPath = /bin/sh;
			shellScript = "\"${SRCROOT}/Pods/Pods-resources.sh\"\n";
			showEnvVarsInLog = 0;
		};
		37D701B33C4E47B8AF2AA195 /* Check Pods Manifest.lock */ = {
			isa = PBXShellScriptBuildPhase;
			buildActionMask = 2147483647;
			files = (
			);
			inputPaths = (
			);
			name = "Check Pods Manifest.lock";
			outputPaths = (
			);
			runOnlyForDeploymentPostprocessing = 0;
			shellPath = /bin/sh;
			shellScript = "diff \"${PODS_ROOT}/../Podfile.lock\" \"${PODS_ROOT}/Manifest.lock\" > /dev/null\nif [[ $? != 0 ]] ; then\n    cat << EOM\nerror: The sandbox is not in sync with the Podfile.lock. Run 'pod install' or update your CocoaPods installation.\nEOM\n    exit 1\nfi\n";
			showEnvVarsInLog = 0;
		};
/* End PBXShellScriptBuildPhase section */

/* Begin PBXSourcesBuildPhase section */
		7E970C6E18E4B44000517A1F /* Sources */ = {
			isa = PBXSourcesBuildPhase;
			buildActionMask = 2147483647;
			files = (
				7E970CCD18E6B97300517A1F /* User.m in Sources */,
				7E970CAB18E4D4E400517A1F /* TwitterClient.m in Sources */,
				7E970C8618E4B44000517A1F /* AppDelegate.m in Sources */,
				7E970CD618E7E26900517A1F /* ComposeTweetViewController.m in Sources */,
				7E970C8218E4B44000517A1F /* main.m in Sources */,
				7E970CCA18E690F900517A1F /* Tweet.m in Sources */,
				7E970CF318E9447800517A1F /* UIImage+Masking.m in Sources */,
				7E970CD118E773BA00517A1F /* TweetDetailViewController.m in Sources */,
				7E970CF918EF5BCD00517A1F /* HamburgerViewController.m in Sources */,
				7E970D0818EFE26600517A1F /* ProfileViewController.m in Sources */,
				7E970CC618E6903B00517A1F /* TweetCell.m in Sources */,
				7E970CA718E4B4E500517A1F /* LoginViewController.m in Sources */,
				7E970CC118E68FE100517A1F /* TimelineViewController.m in Sources */,
			);
			runOnlyForDeploymentPostprocessing = 0;
		};
		7E970C8918E4B44000517A1F /* Sources */ = {
			isa = PBXSourcesBuildPhase;
			buildActionMask = 2147483647;
			files = (
				7E970C9B18E4B44000517A1F /* TwitterHWTests.m in Sources */,
			);
			runOnlyForDeploymentPostprocessing = 0;
		};
/* End PBXSourcesBuildPhase section */

/* Begin PBXTargetDependency section */
		7E970C9318E4B44000517A1F /* PBXTargetDependency */ = {
			isa = PBXTargetDependency;
			target = 7E970C7118E4B44000517A1F /* TwitterHW */;
			targetProxy = 7E970C9218E4B44000517A1F /* PBXContainerItemProxy */;
		};
/* End PBXTargetDependency section */

/* Begin PBXVariantGroup section */
		7E970C7E18E4B44000517A1F /* InfoPlist.strings */ = {
			isa = PBXVariantGroup;
			children = (
				7E970C7F18E4B44000517A1F /* en */,
			);
			name = InfoPlist.strings;
			sourceTree = "<group>";
		};
		7E970C9718E4B44000517A1F /* InfoPlist.strings */ = {
			isa = PBXVariantGroup;
			children = (
				7E970C9818E4B44000517A1F /* en */,
			);
			name = InfoPlist.strings;
			sourceTree = "<group>";
		};
/* End PBXVariantGroup section */

/* Begin XCBuildConfiguration section */
		7E970C9C18E4B44000517A1F /* Debug */ = {
			isa = XCBuildConfiguration;
			buildSettings = {
				ALWAYS_SEARCH_USER_PATHS = NO;
				CLANG_CXX_LANGUAGE_STANDARD = "gnu++0x";
				CLANG_CXX_LIBRARY = "libc++";
				CLANG_ENABLE_MODULES = YES;
				CLANG_ENABLE_OBJC_ARC = YES;
				CLANG_WARN_BOOL_CONVERSION = YES;
				CLANG_WARN_CONSTANT_CONVERSION = YES;
				CLANG_WARN_DIRECT_OBJC_ISA_USAGE = YES_ERROR;
				CLANG_WARN_EMPTY_BODY = YES;
				CLANG_WARN_ENUM_CONVERSION = YES;
				CLANG_WARN_INT_CONVERSION = YES;
				CLANG_WARN_OBJC_ROOT_CLASS = YES_ERROR;
				CLANG_WARN__DUPLICATE_METHOD_MATCH = YES;
				"CODE_SIGN_IDENTITY[sdk=iphoneos*]" = "iPhone Developer";
				COPY_PHASE_STRIP = NO;
				GCC_C_LANGUAGE_STANDARD = gnu99;
				GCC_DYNAMIC_NO_PIC = NO;
				GCC_OPTIMIZATION_LEVEL = 0;
				GCC_PREPROCESSOR_DEFINITIONS = (
					"DEBUG=1",
					"$(inherited)",
				);
				GCC_SYMBOLS_PRIVATE_EXTERN = NO;
				GCC_WARN_64_TO_32_BIT_CONVERSION = YES;
				GCC_WARN_ABOUT_RETURN_TYPE = YES_ERROR;
				GCC_WARN_UNDECLARED_SELECTOR = YES;
				GCC_WARN_UNINITIALIZED_AUTOS = YES_AGGRESSIVE;
				GCC_WARN_UNUSED_FUNCTION = YES;
				GCC_WARN_UNUSED_VARIABLE = YES;
				IPHONEOS_DEPLOYMENT_TARGET = 7.1;
				ONLY_ACTIVE_ARCH = YES;
				SDKROOT = iphoneos;
			};
			name = Debug;
		};
		7E970C9D18E4B44000517A1F /* Release */ = {
			isa = XCBuildConfiguration;
			buildSettings = {
				ALWAYS_SEARCH_USER_PATHS = NO;
				CLANG_CXX_LANGUAGE_STANDARD = "gnu++0x";
				CLANG_CXX_LIBRARY = "libc++";
				CLANG_ENABLE_MODULES = YES;
				CLANG_ENABLE_OBJC_ARC = YES;
				CLANG_WARN_BOOL_CONVERSION = YES;
				CLANG_WARN_CONSTANT_CONVERSION = YES;
				CLANG_WARN_DIRECT_OBJC_ISA_USAGE = YES_ERROR;
				CLANG_WARN_EMPTY_BODY = YES;
				CLANG_WARN_ENUM_CONVERSION = YES;
				CLANG_WARN_INT_CONVERSION = YES;
				CLANG_WARN_OBJC_ROOT_CLASS = YES_ERROR;
				CLANG_WARN__DUPLICATE_METHOD_MATCH = YES;
				"CODE_SIGN_IDENTITY[sdk=iphoneos*]" = "iPhone Developer";
				COPY_PHASE_STRIP = YES;
				ENABLE_NS_ASSERTIONS = NO;
				GCC_C_LANGUAGE_STANDARD = gnu99;
				GCC_WARN_64_TO_32_BIT_CONVERSION = YES;
				GCC_WARN_ABOUT_RETURN_TYPE = YES_ERROR;
				GCC_WARN_UNDECLARED_SELECTOR = YES;
				GCC_WARN_UNINITIALIZED_AUTOS = YES_AGGRESSIVE;
				GCC_WARN_UNUSED_FUNCTION = YES;
				GCC_WARN_UNUSED_VARIABLE = YES;
				IPHONEOS_DEPLOYMENT_TARGET = 7.1;
				SDKROOT = iphoneos;
				VALIDATE_PRODUCT = YES;
			};
			name = Release;
		};
		7E970C9F18E4B44000517A1F /* Debug */ = {
			isa = XCBuildConfiguration;
			baseConfigurationReference = 69D24DE8ACE44193ABEC48A8 /* Pods.xcconfig */;
			buildSettings = {
				ASSETCATALOG_COMPILER_APPICON_NAME = AppIcon;
				ASSETCATALOG_COMPILER_LAUNCHIMAGE_NAME = LaunchImage;
				GCC_PRECOMPILE_PREFIX_HEADER = YES;
				GCC_PREFIX_HEADER = "TwitterHW/TwitterHW-Prefix.pch";
				INFOPLIST_FILE = "TwitterHW/TwitterHW-Info.plist";
				PRODUCT_NAME = "$(TARGET_NAME)";
				WRAPPER_EXTENSION = app;
			};
			name = Debug;
		};
		7E970CA018E4B44000517A1F /* Release */ = {
			isa = XCBuildConfiguration;
			baseConfigurationReference = 69D24DE8ACE44193ABEC48A8 /* Pods.xcconfig */;
			buildSettings = {
				ASSETCATALOG_COMPILER_APPICON_NAME = AppIcon;
				ASSETCATALOG_COMPILER_LAUNCHIMAGE_NAME = LaunchImage;
				GCC_PRECOMPILE_PREFIX_HEADER = YES;
				GCC_PREFIX_HEADER = "TwitterHW/TwitterHW-Prefix.pch";
				INFOPLIST_FILE = "TwitterHW/TwitterHW-Info.plist";
				PRODUCT_NAME = "$(TARGET_NAME)";
				WRAPPER_EXTENSION = app;
			};
			name = Release;
		};
		7E970CA218E4B44000517A1F /* Debug */ = {
			isa = XCBuildConfiguration;
			buildSettings = {
				BUNDLE_LOADER = "$(BUILT_PRODUCTS_DIR)/TwitterHW.app/TwitterHW";
				FRAMEWORK_SEARCH_PATHS = (
					"$(SDKROOT)/Developer/Library/Frameworks",
					"$(inherited)",
					"$(DEVELOPER_FRAMEWORKS_DIR)",
				);
				GCC_PRECOMPILE_PREFIX_HEADER = YES;
				GCC_PREFIX_HEADER = "TwitterHW/TwitterHW-Prefix.pch";
				GCC_PREPROCESSOR_DEFINITIONS = (
					"DEBUG=1",
					"$(inherited)",
				);
				INFOPLIST_FILE = "TwitterHWTests/TwitterHWTests-Info.plist";
				PRODUCT_NAME = "$(TARGET_NAME)";
				TEST_HOST = "$(BUNDLE_LOADER)";
				WRAPPER_EXTENSION = xctest;
			};
			name = Debug;
		};
		7E970CA318E4B44000517A1F /* Release */ = {
			isa = XCBuildConfiguration;
			buildSettings = {
				BUNDLE_LOADER = "$(BUILT_PRODUCTS_DIR)/TwitterHW.app/TwitterHW";
				FRAMEWORK_SEARCH_PATHS = (
					"$(SDKROOT)/Developer/Library/Frameworks",
					"$(inherited)",
					"$(DEVELOPER_FRAMEWORKS_DIR)",
				);
				GCC_PRECOMPILE_PREFIX_HEADER = YES;
				GCC_PREFIX_HEADER = "TwitterHW/TwitterHW-Prefix.pch";
				INFOPLIST_FILE = "TwitterHWTests/TwitterHWTests-Info.plist";
				PRODUCT_NAME = "$(TARGET_NAME)";
				TEST_HOST = "$(BUNDLE_LOADER)";
				WRAPPER_EXTENSION = xctest;
			};
			name = Release;
		};
/* End XCBuildConfiguration section */

/* Begin XCConfigurationList section */
		7E970C6D18E4B44000517A1F /* Build configuration list for PBXProject "TwitterHW" */ = {
			isa = XCConfigurationList;
			buildConfigurations = (
				7E970C9C18E4B44000517A1F /* Debug */,
				7E970C9D18E4B44000517A1F /* Release */,
			);
			defaultConfigurationIsVisible = 0;
			defaultConfigurationName = Release;
		};
		7E970C9E18E4B44000517A1F /* Build configuration list for PBXNativeTarget "TwitterHW" */ = {
			isa = XCConfigurationList;
			buildConfigurations = (
				7E970C9F18E4B44000517A1F /* Debug */,
				7E970CA018E4B44000517A1F /* Release */,
			);
			defaultConfigurationIsVisible = 0;
			defaultConfigurationName = Release;
		};
		7E970CA118E4B44000517A1F /* Build configuration list for PBXNativeTarget "TwitterHWTests" */ = {
			isa = XCConfigurationList;
			buildConfigurations = (
				7E970CA218E4B44000517A1F /* Debug */,
				7E970CA318E4B44000517A1F /* Release */,
			);
			defaultConfigurationIsVisible = 0;
			defaultConfigurationName = Release;
		};
/* End XCConfigurationList section */
	};
	rootObject = 7E970C6A18E4B44000517A1F /* Project object */;
}
